
Microsoft Visual Studio Solution File, Format Version 12.00
# Visual Studio 15
VisualStudioVersion = 15.0.28307.1267
MinimumVisualStudioVersion = 10.0.40219.1
Project("{E24C65DC-7377-472B-9ABA-BC803B73C61A}") = "YazOkuluDersler", "YazOkuluDersler\", "{231E8375-965D-413C-8C6B-1C50AF9365DE}"
	ProjectSection(WebsiteProperties) = preProject
		TargetFrameworkMoniker = ".NETFramework,Version%3Dv4.6.1"
		ProjectReferences = "{04a6f3c9-9804-4bb6-8e16-f4692b39c90b}|BusinessLogicLayer.dll;{bf2f413c-cc53-41d6-aff2-683411160833}|DataAccessLayer.dll;{d418375e-982f-4b7c-a655-5e54e7e88301}|EntityLayer.dll;"
		Debug.AspNetCompiler.VirtualPath = "/localhost_62555"
		Debug.AspNetCompiler.PhysicalPath = "YazOkuluDersler\"
		Debug.AspNetCompiler.TargetPath = "PrecompiledWeb\localhost_62555\"
		Debug.AspNetCompiler.Updateable = "true"
		Debug.AspNetCompiler.ForceOverwrite = "true"
		Debug.AspNetCompiler.FixedNames = "false"
		Debug.AspNetCompiler.Debug = "True"
		Release.AspNetCompiler.VirtualPath = "/localhost_62555"
		Release.AspNetCompiler.PhysicalPath = "YazOkuluDersler\"
		Release.AspNetCompiler.TargetPath = "PrecompiledWeb\localhost_62555\"
		Release.AspNetCompiler.Updateable = "true"
		Release.AspNetCompiler.ForceOverwrite = "true"
		Release.AspNetCompiler.FixedNames = "false"
		Release.AspNetCompiler.Debug = "False"
		VWDPort = "62555"
		SlnRelativePath = "YazOkuluDersler\"
		DefaultWebSiteLanguage = "Visual C#"
	EndProjectSection
EndProject
Project("{FAE04EC0-301F-11D3-BF4B-00C04F79EFBC}") = "EntityLayer", "EntityLayer\EntityLayer.csproj", "{D418375E-982F-4B7C-A655-5E54E7E88301}"
EndProject
Project("{FAE04EC0-301F-11D3-BF4B-00C04F79EFBC}") = "DataAccessLayer", "DataAccessLayer\DataAccessLayer.csproj", "{BF2F413C-CC53-41D6-AFF2-683411160833}"
EndProject
Project("{FAE04EC0-301F-11D3-BF4B-00C04F79EFBC}") = "BusinessLogicLayer", "BusinessLogicLayer\BusinessLogicLayer.csproj", "{04A6F3C9-9804-4BB6-8E16-F4692B39C90B}"
EndProject
Global
	GlobalSection(SolutionConfigurationPlatforms) = preSolution
		Debug|Any CPU = Debug|Any CPU
		Release|Any CPU = Release|Any CPU
	EndGlobalSection
	GlobalSection(ProjectConfigurationPlatforms) = postSolution
		{231E8375-965D-413C-8C6B-1C50AF9365DE}.Debug|Any CPU.ActiveCfg = Debug|Any CPU
		{231E8375-965D-413C-8C6B-1C50AF9365DE}.Debug|Any CPU.Build.0 = Debug|Any CPU
		{231E8375-965D-413C-8C6B-1C50AF9365DE}.Release|Any CPU.ActiveCfg = Debug|Any CPU
		{231E8375-965D-413C-8C6B-1C50AF9365DE}.Release|Any CPU.Build.0 = Debug|Any CPU
		{D418375E-982F-4B7C-A655-5E54E7E88301}.Debug|Any CPU.ActiveCfg = Debug|Any CPU
		{D418375E-982F-4B7C-A655-5E54E7E88301}.Debug|Any CPU.Build.0 = Debug|Any CPU
		{D418375E-982F-4B7C-A655-5E54E7E88301}.Release|Any CPU.ActiveCfg = Release|Any CPU
		{D418375E-982F-4B7C-A655-5E54E7E88301}.Release|Any CPU.Build.0 = Release|Any CPU
		{BF2F413C-CC53-41D6-AFF2-683411160833}.Debug|Any CPU.ActiveCfg = Debug|Any CPU
		{BF2F413C-CC53-41D6-AFF2-683411160833}.Debug|Any CPU.Build.0 = Debug|Any CPU
		{BF2F413C-CC53-41D6-AFF2-683411160833}.Release|Any CPU.ActiveCfg = Release|Any CPU
		{BF2F413C-CC53-41D6-AFF2-683411160833}.Release|Any CPU.Build.0 = Release|Any CPU
		{04A6F3C9-9804-4BB6-8E16-F4692B39C90B}.Debug|Any CPU.ActiveCfg = Debug|Any CPU
		{04A6F3C9-9804-4BB6-8E16-F4692B39C90B}.Debug|Any CPU.Build.0 = Debug|Any CPU
		{04A6F3C9-9804-4BB6-8E16-F4692B39C90B}.Release|Any CPU.ActiveCfg = Release|Any CPU
		{04A6F3C9-9804-4BB6-8E16-F4692B39C90B}.Release|Any CPU.Build.0 = Release|Any CPU
	EndGlobalSection
	GlobalSection(SolutionProperties) = preSolution
		HideSolutionNode = FALSE
	EndGlobalSection
	GlobalSection(ExtensibilityGlobals) = postSolution
		SolutionGuid = {4C7AD761-C19D-4000-AB77-9FB10C5FCB28}
	EndGlobalSection
EndGlobal
